
Microsoft Visual Studio Solution File, Format Version 12.00
# Visual Studio 2012
Project("{8BC9CEB8-8B4A-11D0-8D11-00A0C91BC942}") = "3_Miller_Rabin素数测试", "3_Miller_Rabin素数测试\3_Miller_Rabin素数测试.vcxproj", "{94FD2DE6-5FF0-40C8-A31D-E7F1555FADF5}"
EndProject
Global
	GlobalSection(SolutionConfigurationPlatforms) = preSolution
		Debug|Win32 = Debug|Win32
		Release|Win32 = Release|Win32
	EndGlobalSection
	GlobalSection(ProjectConfigurationPlatforms) = postSolution
		{94FD2DE6-5FF0-40C8-A31D-E7F1555FADF5}.Debug|Win32.ActiveCfg = Debug|Win32
		{94FD2DE6-5FF0-40C8-A31D-E7F1555FADF5}.Debug|Win32.Build.0 = Debug|Win32
		{94FD2DE6-5FF0-40C8-A31D-E7F1555FADF5}.Release|Win32.ActiveCfg = Release|Win32
		{94FD2DE6-5FF0-40C8-A31D-E7F1555FADF5}.Release|Win32.Build.0 = Release|Win32
	EndGlobalSection
	GlobalSection(SolutionProperties) = preSolution
		HideSolutionNode = FALSE
	EndGlobalSection
EndGlobal
