
Microsoft Visual Studio Solution File, Format Version 12.00
# Visual Studio 2012
Project("{8BC9CEB8-8B4A-11D0-8D11-00A0C91BC942}") = "6_poj1163shui", "6_poj1163shui\6_poj1163shui.vcxproj", "{F5ECAB1E-6296-4F6F-BB13-A10C2C766530}"
EndProject
Global
	GlobalSection(SolutionConfigurationPlatforms) = preSolution
		Debug|Win32 = Debug|Win32
		Release|Win32 = Release|Win32
	EndGlobalSection
	GlobalSection(ProjectConfigurationPlatforms) = postSolution
		{F5ECAB1E-6296-4F6F-BB13-A10C2C766530}.Debug|Win32.ActiveCfg = Debug|Win32
		{F5ECAB1E-6296-4F6F-BB13-A10C2C766530}.Debug|Win32.Build.0 = Debug|Win32
		{F5ECAB1E-6296-4F6F-BB13-A10C2C766530}.Release|Win32.ActiveCfg = Release|Win32
		{F5ECAB1E-6296-4F6F-BB13-A10C2C766530}.Release|Win32.Build.0 = Release|Win32
	EndGlobalSection
	GlobalSection(SolutionProperties) = preSolution
		HideSolutionNode = FALSE
	EndGlobalSection
EndGlobal
