
Microsoft Visual Studio Solution File, Format Version 12.00
# Visual Studio 2012
Project("{8BC9CEB8-8B4A-11D0-8D11-00A0C91BC942}") = "8_poj3278bfs", "8_poj3278bfs\8_poj3278bfs.vcxproj", "{59AAC531-2BFB-43CD-B78E-64AC7803EEE1}"
EndProject
Global
	GlobalSection(SolutionConfigurationPlatforms) = preSolution
		Debug|Win32 = Debug|Win32
		Release|Win32 = Release|Win32
	EndGlobalSection
	GlobalSection(ProjectConfigurationPlatforms) = postSolution
		{59AAC531-2BFB-43CD-B78E-64AC7803EEE1}.Debug|Win32.ActiveCfg = Debug|Win32
		{59AAC531-2BFB-43CD-B78E-64AC7803EEE1}.Debug|Win32.Build.0 = Debug|Win32
		{59AAC531-2BFB-43CD-B78E-64AC7803EEE1}.Release|Win32.ActiveCfg = Release|Win32
		{59AAC531-2BFB-43CD-B78E-64AC7803EEE1}.Release|Win32.Build.0 = Release|Win32
	EndGlobalSection
	GlobalSection(SolutionProperties) = preSolution
		HideSolutionNode = FALSE
	EndGlobalSection
EndGlobal
