
Microsoft Visual Studio Solution File, Format Version 12.00
# Visual Studio 2012
Project("{8BC9CEB8-8B4A-11D0-8D11-00A0C91BC942}") = "3_4_6", "3_4_6\3_4_6.vcxproj", "{19F9C751-8D36-4C9D-BAC2-17E1D29DAC8E}"
EndProject
Global
	GlobalSection(SolutionConfigurationPlatforms) = preSolution
		Debug|Win32 = Debug|Win32
		Release|Win32 = Release|Win32
	EndGlobalSection
	GlobalSection(ProjectConfigurationPlatforms) = postSolution
		{19F9C751-8D36-4C9D-BAC2-17E1D29DAC8E}.Debug|Win32.ActiveCfg = Debug|Win32
		{19F9C751-8D36-4C9D-BAC2-17E1D29DAC8E}.Debug|Win32.Build.0 = Debug|Win32
		{19F9C751-8D36-4C9D-BAC2-17E1D29DAC8E}.Release|Win32.ActiveCfg = Release|Win32
		{19F9C751-8D36-4C9D-BAC2-17E1D29DAC8E}.Release|Win32.Build.0 = Release|Win32
	EndGlobalSection
	GlobalSection(SolutionProperties) = preSolution
		HideSolutionNode = FALSE
	EndGlobalSection
EndGlobal
