
Microsoft Visual Studio Solution File, Format Version 12.00
# Visual Studio 2012
Project("{8BC9CEB8-8B4A-11D0-8D11-00A0C91BC942}") = "7_3_6", "7_3_6\7_3_6.vcxproj", "{918EBA6C-34F0-489D-AD2A-144356847494}"
EndProject
Global
	GlobalSection(SolutionConfigurationPlatforms) = preSolution
		Debug|Win32 = Debug|Win32
		Release|Win32 = Release|Win32
	EndGlobalSection
	GlobalSection(ProjectConfigurationPlatforms) = postSolution
		{918EBA6C-34F0-489D-AD2A-144356847494}.Debug|Win32.ActiveCfg = Debug|Win32
		{918EBA6C-34F0-489D-AD2A-144356847494}.Debug|Win32.Build.0 = Debug|Win32
		{918EBA6C-34F0-489D-AD2A-144356847494}.Release|Win32.ActiveCfg = Release|Win32
		{918EBA6C-34F0-489D-AD2A-144356847494}.Release|Win32.Build.0 = Release|Win32
	EndGlobalSection
	GlobalSection(SolutionProperties) = preSolution
		HideSolutionNode = FALSE
	EndGlobalSection
EndGlobal
