
Microsoft Visual Studio Solution File, Format Version 12.00
# Visual Studio 2012
Project("{8BC9CEB8-8B4A-11D0-8D11-00A0C91BC942}") = "3_poj1811", "3_poj1811\3_poj1811.vcxproj", "{1395C65D-8E69-4C1E-BE85-9737390C3392}"
EndProject
Global
	GlobalSection(SolutionConfigurationPlatforms) = preSolution
		Debug|Win32 = Debug|Win32
		Release|Win32 = Release|Win32
	EndGlobalSection
	GlobalSection(ProjectConfigurationPlatforms) = postSolution
		{1395C65D-8E69-4C1E-BE85-9737390C3392}.Debug|Win32.ActiveCfg = Debug|Win32
		{1395C65D-8E69-4C1E-BE85-9737390C3392}.Debug|Win32.Build.0 = Debug|Win32
		{1395C65D-8E69-4C1E-BE85-9737390C3392}.Release|Win32.ActiveCfg = Release|Win32
		{1395C65D-8E69-4C1E-BE85-9737390C3392}.Release|Win32.Build.0 = Release|Win32
	EndGlobalSection
	GlobalSection(SolutionProperties) = preSolution
		HideSolutionNode = FALSE
	EndGlobalSection
EndGlobal
