
Microsoft Visual Studio Solution File, Format Version 12.00
# Visual Studio 15
VisualStudioVersion = 15.0.27130.2027
MinimumVisualStudioVersion = 10.0.40219.1
Project("{8BC9CEB8-8B4A-11D0-8D11-00A0C91BC942}") = "uva 1354", "uva 1354\uva 1354.vcxproj", "{4BC5F2E1-9BA5-4EC1-925A-F557EFF99582}"
EndProject
Global
	GlobalSection(SolutionConfigurationPlatforms) = preSolution
		Debug|x64 = Debug|x64
		Debug|x86 = Debug|x86
		Release|x64 = Release|x64
		Release|x86 = Release|x86
	EndGlobalSection
	GlobalSection(ProjectConfigurationPlatforms) = postSolution
		{4BC5F2E1-9BA5-4EC1-925A-F557EFF99582}.Debug|x64.ActiveCfg = Debug|x64
		{4BC5F2E1-9BA5-4EC1-925A-F557EFF99582}.Debug|x64.Build.0 = Debug|x64
		{4BC5F2E1-9BA5-4EC1-925A-F557EFF99582}.Debug|x86.ActiveCfg = Debug|Win32
		{4BC5F2E1-9BA5-4EC1-925A-F557EFF99582}.Debug|x86.Build.0 = Debug|Win32
		{4BC5F2E1-9BA5-4EC1-925A-F557EFF99582}.Release|x64.ActiveCfg = Release|x64
		{4BC5F2E1-9BA5-4EC1-925A-F557EFF99582}.Release|x64.Build.0 = Release|x64
		{4BC5F2E1-9BA5-4EC1-925A-F557EFF99582}.Release|x86.ActiveCfg = Release|Win32
		{4BC5F2E1-9BA5-4EC1-925A-F557EFF99582}.Release|x86.Build.0 = Release|Win32
	EndGlobalSection
	GlobalSection(SolutionProperties) = preSolution
		HideSolutionNode = FALSE
	EndGlobalSection
	GlobalSection(ExtensibilityGlobals) = postSolution
		SolutionGuid = {23C1A7B3-3BF3-427F-B6AC-6FFAC8B4D4A4}
	EndGlobalSection
EndGlobal
