
Microsoft Visual Studio Solution File, Format Version 12.00
# Visual Studio 2012
Project("{8BC9CEB8-8B4A-11D0-8D11-00A0C91BC942}") = "6_金矿模型", "6_金矿模型\6_金矿模型.vcxproj", "{10EC6F36-B10F-4B7E-84A8-E5F488FBD95D}"
EndProject
Global
	GlobalSection(SolutionConfigurationPlatforms) = preSolution
		Debug|Win32 = Debug|Win32
		Release|Win32 = Release|Win32
	EndGlobalSection
	GlobalSection(ProjectConfigurationPlatforms) = postSolution
		{10EC6F36-B10F-4B7E-84A8-E5F488FBD95D}.Debug|Win32.ActiveCfg = Debug|Win32
		{10EC6F36-B10F-4B7E-84A8-E5F488FBD95D}.Debug|Win32.Build.0 = Debug|Win32
		{10EC6F36-B10F-4B7E-84A8-E5F488FBD95D}.Release|Win32.ActiveCfg = Release|Win32
		{10EC6F36-B10F-4B7E-84A8-E5F488FBD95D}.Release|Win32.Build.0 = Release|Win32
	EndGlobalSection
	GlobalSection(SolutionProperties) = preSolution
		HideSolutionNode = FALSE
	EndGlobalSection
EndGlobal
