
Microsoft Visual Studio Solution File, Format Version 12.00
# Visual Studio 2012
Project("{8BC9CEB8-8B4A-11D0-8D11-00A0C91BC942}") = "5_3_2", "5_3_2\5_3_2.vcxproj", "{822129FE-B9E3-4821-8BF8-7894D39079EF}"
EndProject
Global
	GlobalSection(SolutionConfigurationPlatforms) = preSolution
		Debug|Win32 = Debug|Win32
		Release|Win32 = Release|Win32
	EndGlobalSection
	GlobalSection(ProjectConfigurationPlatforms) = postSolution
		{822129FE-B9E3-4821-8BF8-7894D39079EF}.Debug|Win32.ActiveCfg = Debug|Win32
		{822129FE-B9E3-4821-8BF8-7894D39079EF}.Debug|Win32.Build.0 = Debug|Win32
		{822129FE-B9E3-4821-8BF8-7894D39079EF}.Release|Win32.ActiveCfg = Release|Win32
		{822129FE-B9E3-4821-8BF8-7894D39079EF}.Release|Win32.Build.0 = Release|Win32
	EndGlobalSection
	GlobalSection(SolutionProperties) = preSolution
		HideSolutionNode = FALSE
	EndGlobalSection
EndGlobal
