
Microsoft Visual Studio Solution File, Format Version 12.00
# Visual Studio 2012
Project("{8BC9CEB8-8B4A-11D0-8D11-00A0C91BC942}") = "H", "H\H.vcxproj", "{E1140FA6-BF4D-40C8-AAC7-2B94E72D66AE}"
EndProject
Global
	GlobalSection(SolutionConfigurationPlatforms) = preSolution
		Debug|Win32 = Debug|Win32
		Release|Win32 = Release|Win32
	EndGlobalSection
	GlobalSection(ProjectConfigurationPlatforms) = postSolution
		{E1140FA6-BF4D-40C8-AAC7-2B94E72D66AE}.Debug|Win32.ActiveCfg = Debug|Win32
		{E1140FA6-BF4D-40C8-AAC7-2B94E72D66AE}.Debug|Win32.Build.0 = Debug|Win32
		{E1140FA6-BF4D-40C8-AAC7-2B94E72D66AE}.Release|Win32.ActiveCfg = Release|Win32
		{E1140FA6-BF4D-40C8-AAC7-2B94E72D66AE}.Release|Win32.Build.0 = Release|Win32
	EndGlobalSection
	GlobalSection(SolutionProperties) = preSolution
		HideSolutionNode = FALSE
	EndGlobalSection
EndGlobal
