
Microsoft Visual Studio Solution File, Format Version 12.00
# Visual Studio 15
VisualStudioVersion = 15.0.27130.2027
MinimumVisualStudioVersion = 10.0.40219.1
Project("{8BC9CEB8-8B4A-11D0-8D11-00A0C91BC942}") = "eight_num", "eight_num\eight_num.vcxproj", "{C464262E-62F5-46B2-9031-BE5A76E12B94}"
EndProject
Global
	GlobalSection(SolutionConfigurationPlatforms) = preSolution
		Debug|x64 = Debug|x64
		Debug|x86 = Debug|x86
		Release|x64 = Release|x64
		Release|x86 = Release|x86
	EndGlobalSection
	GlobalSection(ProjectConfigurationPlatforms) = postSolution
		{C464262E-62F5-46B2-9031-BE5A76E12B94}.Debug|x64.ActiveCfg = Debug|x64
		{C464262E-62F5-46B2-9031-BE5A76E12B94}.Debug|x64.Build.0 = Debug|x64
		{C464262E-62F5-46B2-9031-BE5A76E12B94}.Debug|x86.ActiveCfg = Debug|Win32
		{C464262E-62F5-46B2-9031-BE5A76E12B94}.Debug|x86.Build.0 = Debug|Win32
		{C464262E-62F5-46B2-9031-BE5A76E12B94}.Release|x64.ActiveCfg = Release|x64
		{C464262E-62F5-46B2-9031-BE5A76E12B94}.Release|x64.Build.0 = Release|x64
		{C464262E-62F5-46B2-9031-BE5A76E12B94}.Release|x86.ActiveCfg = Release|Win32
		{C464262E-62F5-46B2-9031-BE5A76E12B94}.Release|x86.Build.0 = Release|Win32
	EndGlobalSection
	GlobalSection(SolutionProperties) = preSolution
		HideSolutionNode = FALSE
	EndGlobalSection
	GlobalSection(ExtensibilityGlobals) = postSolution
		SolutionGuid = {50A0C9F6-5D96-4A4F-B6E7-082F62AE50F1}
	EndGlobalSection
EndGlobal
