
Microsoft Visual Studio Solution File, Format Version 12.00
# Visual Studio 2012
Project("{8BC9CEB8-8B4A-11D0-8D11-00A0C91BC942}") = "G", "G\G.vcxproj", "{0FC41A7D-FAAF-4DCE-9943-D935CAB6E09E}"
EndProject
Global
	GlobalSection(SolutionConfigurationPlatforms) = preSolution
		Debug|Win32 = Debug|Win32
		Release|Win32 = Release|Win32
	EndGlobalSection
	GlobalSection(ProjectConfigurationPlatforms) = postSolution
		{0FC41A7D-FAAF-4DCE-9943-D935CAB6E09E}.Debug|Win32.ActiveCfg = Debug|Win32
		{0FC41A7D-FAAF-4DCE-9943-D935CAB6E09E}.Debug|Win32.Build.0 = Debug|Win32
		{0FC41A7D-FAAF-4DCE-9943-D935CAB6E09E}.Release|Win32.ActiveCfg = Release|Win32
		{0FC41A7D-FAAF-4DCE-9943-D935CAB6E09E}.Release|Win32.Build.0 = Release|Win32
	EndGlobalSection
	GlobalSection(SolutionProperties) = preSolution
		HideSolutionNode = FALSE
	EndGlobalSection
EndGlobal
