
Microsoft Visual Studio Solution File, Format Version 12.00
# Visual Studio 2012
Project("{8BC9CEB8-8B4A-11D0-8D11-00A0C91BC942}") = "11_5_3", "11_5_3\11_5_3.vcxproj", "{0640782D-8D85-4E13-8C98-28639FC48262}"
EndProject
Global
	GlobalSection(SolutionConfigurationPlatforms) = preSolution
		Debug|Win32 = Debug|Win32
		Release|Win32 = Release|Win32
	EndGlobalSection
	GlobalSection(ProjectConfigurationPlatforms) = postSolution
		{0640782D-8D85-4E13-8C98-28639FC48262}.Debug|Win32.ActiveCfg = Debug|Win32
		{0640782D-8D85-4E13-8C98-28639FC48262}.Debug|Win32.Build.0 = Debug|Win32
		{0640782D-8D85-4E13-8C98-28639FC48262}.Release|Win32.ActiveCfg = Release|Win32
		{0640782D-8D85-4E13-8C98-28639FC48262}.Release|Win32.Build.0 = Release|Win32
	EndGlobalSection
	GlobalSection(SolutionProperties) = preSolution
		HideSolutionNode = FALSE
	EndGlobalSection
EndGlobal
