
Microsoft Visual Studio Solution File, Format Version 12.00
# Visual Studio 2012
Project("{8BC9CEB8-8B4A-11D0-8D11-00A0C91BC942}") = "13_5_1", "13_5_1\13_5_1.vcxproj", "{59326DFC-F3E3-4D24-904C-E0FECDD9D257}"
EndProject
Global
	GlobalSection(SolutionConfigurationPlatforms) = preSolution
		Debug|Win32 = Debug|Win32
		Release|Win32 = Release|Win32
	EndGlobalSection
	GlobalSection(ProjectConfigurationPlatforms) = postSolution
		{59326DFC-F3E3-4D24-904C-E0FECDD9D257}.Debug|Win32.ActiveCfg = Debug|Win32
		{59326DFC-F3E3-4D24-904C-E0FECDD9D257}.Debug|Win32.Build.0 = Debug|Win32
		{59326DFC-F3E3-4D24-904C-E0FECDD9D257}.Release|Win32.ActiveCfg = Release|Win32
		{59326DFC-F3E3-4D24-904C-E0FECDD9D257}.Release|Win32.Build.0 = Release|Win32
	EndGlobalSection
	GlobalSection(SolutionProperties) = preSolution
		HideSolutionNode = FALSE
	EndGlobalSection
EndGlobal
