
Microsoft Visual Studio Solution File, Format Version 12.00
# Visual Studio 2012
Project("{8BC9CEB8-8B4A-11D0-8D11-00A0C91BC942}") = "5_2_2_poj2016", "5_2_2_poj2016\5_2_2_poj2016.vcxproj", "{BB2A4D08-CB08-4BE5-983E-15E61CE98704}"
EndProject
Global
	GlobalSection(SolutionConfigurationPlatforms) = preSolution
		Debug|Win32 = Debug|Win32
		Release|Win32 = Release|Win32
	EndGlobalSection
	GlobalSection(ProjectConfigurationPlatforms) = postSolution
		{BB2A4D08-CB08-4BE5-983E-15E61CE98704}.Debug|Win32.ActiveCfg = Debug|Win32
		{BB2A4D08-CB08-4BE5-983E-15E61CE98704}.Debug|Win32.Build.0 = Debug|Win32
		{BB2A4D08-CB08-4BE5-983E-15E61CE98704}.Release|Win32.ActiveCfg = Release|Win32
		{BB2A4D08-CB08-4BE5-983E-15E61CE98704}.Release|Win32.Build.0 = Release|Win32
	EndGlobalSection
	GlobalSection(SolutionProperties) = preSolution
		HideSolutionNode = FALSE
	EndGlobalSection
EndGlobal
