
Microsoft Visual Studio Solution File, Format Version 12.00
# Visual Studio 2012
Project("{8BC9CEB8-8B4A-11D0-8D11-00A0C91BC942}") = "6_poj1837平衡方式数量", "6_poj1837平衡方式数量\6_poj1837平衡方式数量.vcxproj", "{03F5875D-C3CE-442C-B399-88B6510D2E13}"
EndProject
Global
	GlobalSection(SolutionConfigurationPlatforms) = preSolution
		Debug|Win32 = Debug|Win32
		Release|Win32 = Release|Win32
	EndGlobalSection
	GlobalSection(ProjectConfigurationPlatforms) = postSolution
		{03F5875D-C3CE-442C-B399-88B6510D2E13}.Debug|Win32.ActiveCfg = Debug|Win32
		{03F5875D-C3CE-442C-B399-88B6510D2E13}.Debug|Win32.Build.0 = Debug|Win32
		{03F5875D-C3CE-442C-B399-88B6510D2E13}.Release|Win32.ActiveCfg = Release|Win32
		{03F5875D-C3CE-442C-B399-88B6510D2E13}.Release|Win32.Build.0 = Release|Win32
	EndGlobalSection
	GlobalSection(SolutionProperties) = preSolution
		HideSolutionNode = FALSE
	EndGlobalSection
EndGlobal
