
Microsoft Visual Studio Solution File, Format Version 12.00
# Visual Studio 2012
Project("{8BC9CEB8-8B4A-11D0-8D11-00A0C91BC942}") = "8_1_1", "8_1_1\8_1_1.vcxproj", "{AB7416E2-0DA0-475C-A683-DD3BB26801C2}"
EndProject
Global
	GlobalSection(SolutionConfigurationPlatforms) = preSolution
		Debug|Win32 = Debug|Win32
		Release|Win32 = Release|Win32
	EndGlobalSection
	GlobalSection(ProjectConfigurationPlatforms) = postSolution
		{AB7416E2-0DA0-475C-A683-DD3BB26801C2}.Debug|Win32.ActiveCfg = Debug|Win32
		{AB7416E2-0DA0-475C-A683-DD3BB26801C2}.Debug|Win32.Build.0 = Debug|Win32
		{AB7416E2-0DA0-475C-A683-DD3BB26801C2}.Release|Win32.ActiveCfg = Release|Win32
		{AB7416E2-0DA0-475C-A683-DD3BB26801C2}.Release|Win32.Build.0 = Release|Win32
	EndGlobalSection
	GlobalSection(SolutionProperties) = preSolution
		HideSolutionNode = FALSE
	EndGlobalSection
EndGlobal
