
Microsoft Visual Studio Solution File, Format Version 12.00
# Visual Studio 2013
VisualStudioVersion = 12.0.21005.1
MinimumVisualStudioVersion = 10.0.40219.1
Project("{8BC9CEB8-8B4A-11D0-8D11-00A0C91BC942}") = "xdoj1002_小w的塔防_dp_与舞蹈家类似", "xdoj1002_小w的塔防_dp_与舞蹈家类似\xdoj1002_小w的塔防_dp_与舞蹈家类似.vcxproj", "{AF1DB6AA-1679-4C66-98A1-721F1D6FD155}"
EndProject
Global
	GlobalSection(SolutionConfigurationPlatforms) = preSolution
		Debug|Win32 = Debug|Win32
		Release|Win32 = Release|Win32
	EndGlobalSection
	GlobalSection(ProjectConfigurationPlatforms) = postSolution
		{AF1DB6AA-1679-4C66-98A1-721F1D6FD155}.Debug|Win32.ActiveCfg = Debug|Win32
		{AF1DB6AA-1679-4C66-98A1-721F1D6FD155}.Debug|Win32.Build.0 = Debug|Win32
		{AF1DB6AA-1679-4C66-98A1-721F1D6FD155}.Release|Win32.ActiveCfg = Release|Win32
		{AF1DB6AA-1679-4C66-98A1-721F1D6FD155}.Release|Win32.Build.0 = Release|Win32
	EndGlobalSection
	GlobalSection(SolutionProperties) = preSolution
		HideSolutionNode = FALSE
	EndGlobalSection
EndGlobal
