
Microsoft Visual Studio Solution File, Format Version 12.00
# Visual Studio 2012
Project("{8BC9CEB8-8B4A-11D0-8D11-00A0C91BC942}") = "6_1_poj2533lis", "6_1_poj2533lis\6_1_poj2533lis.vcxproj", "{5E53F8F6-AD43-401F-8879-CF83CE8B3E3D}"
EndProject
Global
	GlobalSection(SolutionConfigurationPlatforms) = preSolution
		Debug|Win32 = Debug|Win32
		Release|Win32 = Release|Win32
	EndGlobalSection
	GlobalSection(ProjectConfigurationPlatforms) = postSolution
		{5E53F8F6-AD43-401F-8879-CF83CE8B3E3D}.Debug|Win32.ActiveCfg = Debug|Win32
		{5E53F8F6-AD43-401F-8879-CF83CE8B3E3D}.Debug|Win32.Build.0 = Debug|Win32
		{5E53F8F6-AD43-401F-8879-CF83CE8B3E3D}.Release|Win32.ActiveCfg = Release|Win32
		{5E53F8F6-AD43-401F-8879-CF83CE8B3E3D}.Release|Win32.Build.0 = Release|Win32
	EndGlobalSection
	GlobalSection(SolutionProperties) = preSolution
		HideSolutionNode = FALSE
	EndGlobalSection
EndGlobal
