
Microsoft Visual Studio Solution File, Format Version 12.00
# Visual Studio 15
VisualStudioVersion = 15.0.27130.2027
MinimumVisualStudioVersion = 10.0.40219.1
Project("{8BC9CEB8-8B4A-11D0-8D11-00A0C91BC942}") = "uva 1103", "uva 1103\uva 1103.vcxproj", "{694AED4D-4D6F-4259-913C-52EF0FD6AC21}"
EndProject
Global
	GlobalSection(SolutionConfigurationPlatforms) = preSolution
		Debug|x64 = Debug|x64
		Debug|x86 = Debug|x86
		Release|x64 = Release|x64
		Release|x86 = Release|x86
	EndGlobalSection
	GlobalSection(ProjectConfigurationPlatforms) = postSolution
		{694AED4D-4D6F-4259-913C-52EF0FD6AC21}.Debug|x64.ActiveCfg = Debug|x64
		{694AED4D-4D6F-4259-913C-52EF0FD6AC21}.Debug|x64.Build.0 = Debug|x64
		{694AED4D-4D6F-4259-913C-52EF0FD6AC21}.Debug|x86.ActiveCfg = Debug|Win32
		{694AED4D-4D6F-4259-913C-52EF0FD6AC21}.Debug|x86.Build.0 = Debug|Win32
		{694AED4D-4D6F-4259-913C-52EF0FD6AC21}.Release|x64.ActiveCfg = Release|x64
		{694AED4D-4D6F-4259-913C-52EF0FD6AC21}.Release|x64.Build.0 = Release|x64
		{694AED4D-4D6F-4259-913C-52EF0FD6AC21}.Release|x86.ActiveCfg = Release|Win32
		{694AED4D-4D6F-4259-913C-52EF0FD6AC21}.Release|x86.Build.0 = Release|Win32
	EndGlobalSection
	GlobalSection(SolutionProperties) = preSolution
		HideSolutionNode = FALSE
	EndGlobalSection
	GlobalSection(ExtensibilityGlobals) = postSolution
		SolutionGuid = {BB40377F-7D5D-45B9-8CD8-7CC46B388B3E}
	EndGlobalSection
EndGlobal
