
Microsoft Visual Studio Solution File, Format Version 12.00
# Visual Studio 15
VisualStudioVersion = 15.0.27130.2027
MinimumVisualStudioVersion = 10.0.40219.1
Project("{8BC9CEB8-8B4A-11D0-8D11-00A0C91BC942}") = "round 469 div2 A", "round 469 div2 A\round 469 div2 A.vcxproj", "{687649B3-D0CF-467E-939D-FF1337C06058}"
EndProject
Global
	GlobalSection(SolutionConfigurationPlatforms) = preSolution
		Debug|x64 = Debug|x64
		Debug|x86 = Debug|x86
		Release|x64 = Release|x64
		Release|x86 = Release|x86
	EndGlobalSection
	GlobalSection(ProjectConfigurationPlatforms) = postSolution
		{687649B3-D0CF-467E-939D-FF1337C06058}.Debug|x64.ActiveCfg = Debug|x64
		{687649B3-D0CF-467E-939D-FF1337C06058}.Debug|x64.Build.0 = Debug|x64
		{687649B3-D0CF-467E-939D-FF1337C06058}.Debug|x86.ActiveCfg = Debug|Win32
		{687649B3-D0CF-467E-939D-FF1337C06058}.Debug|x86.Build.0 = Debug|Win32
		{687649B3-D0CF-467E-939D-FF1337C06058}.Release|x64.ActiveCfg = Release|x64
		{687649B3-D0CF-467E-939D-FF1337C06058}.Release|x64.Build.0 = Release|x64
		{687649B3-D0CF-467E-939D-FF1337C06058}.Release|x86.ActiveCfg = Release|Win32
		{687649B3-D0CF-467E-939D-FF1337C06058}.Release|x86.Build.0 = Release|Win32
	EndGlobalSection
	GlobalSection(SolutionProperties) = preSolution
		HideSolutionNode = FALSE
	EndGlobalSection
	GlobalSection(ExtensibilityGlobals) = postSolution
		SolutionGuid = {305E7808-5B99-4595-B908-C57CFD98AF97}
	EndGlobalSection
EndGlobal
