
Microsoft Visual Studio Solution File, Format Version 12.00
# Visual Studio 2012
Project("{8BC9CEB8-8B4A-11D0-8D11-00A0C91BC942}") = "12_2_1", "12_2_1\12_2_1.vcxproj", "{189BC885-4FC4-4A85-96BF-01B04D6A52DE}"
EndProject
Global
	GlobalSection(SolutionConfigurationPlatforms) = preSolution
		Debug|Win32 = Debug|Win32
		Release|Win32 = Release|Win32
	EndGlobalSection
	GlobalSection(ProjectConfigurationPlatforms) = postSolution
		{189BC885-4FC4-4A85-96BF-01B04D6A52DE}.Debug|Win32.ActiveCfg = Debug|Win32
		{189BC885-4FC4-4A85-96BF-01B04D6A52DE}.Debug|Win32.Build.0 = Debug|Win32
		{189BC885-4FC4-4A85-96BF-01B04D6A52DE}.Release|Win32.ActiveCfg = Release|Win32
		{189BC885-4FC4-4A85-96BF-01B04D6A52DE}.Release|Win32.Build.0 = Release|Win32
	EndGlobalSection
	GlobalSection(SolutionProperties) = preSolution
		HideSolutionNode = FALSE
	EndGlobalSection
EndGlobal
