
Microsoft Visual Studio Solution File, Format Version 12.00
# Visual Studio 2012
Project("{8BC9CEB8-8B4A-11D0-8D11-00A0C91BC942}") = "1096", "1096\1096.vcxproj", "{438DF6DB-36A4-45B9-8E98-F5E6597926C5}"
EndProject
Global
	GlobalSection(SolutionConfigurationPlatforms) = preSolution
		Debug|Win32 = Debug|Win32
		Release|Win32 = Release|Win32
	EndGlobalSection
	GlobalSection(ProjectConfigurationPlatforms) = postSolution
		{438DF6DB-36A4-45B9-8E98-F5E6597926C5}.Debug|Win32.ActiveCfg = Debug|Win32
		{438DF6DB-36A4-45B9-8E98-F5E6597926C5}.Debug|Win32.Build.0 = Debug|Win32
		{438DF6DB-36A4-45B9-8E98-F5E6597926C5}.Release|Win32.ActiveCfg = Release|Win32
		{438DF6DB-36A4-45B9-8E98-F5E6597926C5}.Release|Win32.Build.0 = Release|Win32
	EndGlobalSection
	GlobalSection(SolutionProperties) = preSolution
		HideSolutionNode = FALSE
	EndGlobalSection
EndGlobal
