
Microsoft Visual Studio Solution File, Format Version 12.00
# Visual Studio 2012
Project("{8BC9CEB8-8B4A-11D0-8D11-00A0C91BC942}") = "16_17", "16_17\16_17.vcxproj", "{9529E8CC-B152-497B-8719-8C33DDBFFD78}"
EndProject
Global
	GlobalSection(SolutionConfigurationPlatforms) = preSolution
		Debug|Win32 = Debug|Win32
		Release|Win32 = Release|Win32
	EndGlobalSection
	GlobalSection(ProjectConfigurationPlatforms) = postSolution
		{9529E8CC-B152-497B-8719-8C33DDBFFD78}.Debug|Win32.ActiveCfg = Debug|Win32
		{9529E8CC-B152-497B-8719-8C33DDBFFD78}.Debug|Win32.Build.0 = Debug|Win32
		{9529E8CC-B152-497B-8719-8C33DDBFFD78}.Release|Win32.ActiveCfg = Release|Win32
		{9529E8CC-B152-497B-8719-8C33DDBFFD78}.Release|Win32.Build.0 = Release|Win32
	EndGlobalSection
	GlobalSection(SolutionProperties) = preSolution
		HideSolutionNode = FALSE
	EndGlobalSection
EndGlobal
