
Microsoft Visual Studio Solution File, Format Version 12.00
# Visual Studio 15
VisualStudioVersion = 15.0.27130.2027
MinimumVisualStudioVersion = 10.0.40219.1
Project("{8BC9CEB8-8B4A-11D0-8D11-00A0C91BC942}") = "round 468 div2 A", "round 468 div2 A\round 468 div2 A.vcxproj", "{FCBFC6DE-7818-46BC-9840-8FDEF169BC94}"
EndProject
Global
	GlobalSection(SolutionConfigurationPlatforms) = preSolution
		Debug|x64 = Debug|x64
		Debug|x86 = Debug|x86
		Release|x64 = Release|x64
		Release|x86 = Release|x86
	EndGlobalSection
	GlobalSection(ProjectConfigurationPlatforms) = postSolution
		{FCBFC6DE-7818-46BC-9840-8FDEF169BC94}.Debug|x64.ActiveCfg = Debug|x64
		{FCBFC6DE-7818-46BC-9840-8FDEF169BC94}.Debug|x64.Build.0 = Debug|x64
		{FCBFC6DE-7818-46BC-9840-8FDEF169BC94}.Debug|x86.ActiveCfg = Debug|Win32
		{FCBFC6DE-7818-46BC-9840-8FDEF169BC94}.Debug|x86.Build.0 = Debug|Win32
		{FCBFC6DE-7818-46BC-9840-8FDEF169BC94}.Release|x64.ActiveCfg = Release|x64
		{FCBFC6DE-7818-46BC-9840-8FDEF169BC94}.Release|x64.Build.0 = Release|x64
		{FCBFC6DE-7818-46BC-9840-8FDEF169BC94}.Release|x86.ActiveCfg = Release|Win32
		{FCBFC6DE-7818-46BC-9840-8FDEF169BC94}.Release|x86.Build.0 = Release|Win32
	EndGlobalSection
	GlobalSection(SolutionProperties) = preSolution
		HideSolutionNode = FALSE
	EndGlobalSection
	GlobalSection(ExtensibilityGlobals) = postSolution
		SolutionGuid = {9B1F5D77-AA72-499F-AF77-83ED166FE6EC}
	EndGlobalSection
EndGlobal
