
Microsoft Visual Studio Solution File, Format Version 12.00
# Visual Studio 2012
Project("{8BC9CEB8-8B4A-11D0-8D11-00A0C91BC942}") = "8_4_5", "8_4_5\8_4_5.vcxproj", "{3C87147F-61CA-4BBD-931C-6FDC1BF3522B}"
EndProject
Global
	GlobalSection(SolutionConfigurationPlatforms) = preSolution
		Debug|Win32 = Debug|Win32
		Release|Win32 = Release|Win32
	EndGlobalSection
	GlobalSection(ProjectConfigurationPlatforms) = postSolution
		{3C87147F-61CA-4BBD-931C-6FDC1BF3522B}.Debug|Win32.ActiveCfg = Debug|Win32
		{3C87147F-61CA-4BBD-931C-6FDC1BF3522B}.Debug|Win32.Build.0 = Debug|Win32
		{3C87147F-61CA-4BBD-931C-6FDC1BF3522B}.Release|Win32.ActiveCfg = Release|Win32
		{3C87147F-61CA-4BBD-931C-6FDC1BF3522B}.Release|Win32.Build.0 = Release|Win32
	EndGlobalSection
	GlobalSection(SolutionProperties) = preSolution
		HideSolutionNode = FALSE
	EndGlobalSection
EndGlobal
