
Microsoft Visual Studio Solution File, Format Version 12.00
# Visual Studio 2012
Project("{8BC9CEB8-8B4A-11D0-8D11-00A0C91BC942}") = "round9_1001", "round9_1001\round9_1001.vcxproj", "{5B97DBA5-4709-4689-B13F-7F9ECE7DCEC5}"
EndProject
Global
	GlobalSection(SolutionConfigurationPlatforms) = preSolution
		Debug|Win32 = Debug|Win32
		Release|Win32 = Release|Win32
	EndGlobalSection
	GlobalSection(ProjectConfigurationPlatforms) = postSolution
		{5B97DBA5-4709-4689-B13F-7F9ECE7DCEC5}.Debug|Win32.ActiveCfg = Debug|Win32
		{5B97DBA5-4709-4689-B13F-7F9ECE7DCEC5}.Debug|Win32.Build.0 = Debug|Win32
		{5B97DBA5-4709-4689-B13F-7F9ECE7DCEC5}.Release|Win32.ActiveCfg = Release|Win32
		{5B97DBA5-4709-4689-B13F-7F9ECE7DCEC5}.Release|Win32.Build.0 = Release|Win32
	EndGlobalSection
	GlobalSection(SolutionProperties) = preSolution
		HideSolutionNode = FALSE
	EndGlobalSection
EndGlobal
