
Microsoft Visual Studio Solution File, Format Version 12.00
# Visual Studio 2012
Project("{8BC9CEB8-8B4A-11D0-8D11-00A0C91BC942}") = "12_3_1", "12_3_1\12_3_1.vcxproj", "{F8326AC9-48CB-411F-89F2-B3FE455BF5C9}"
EndProject
Global
	GlobalSection(SolutionConfigurationPlatforms) = preSolution
		Debug|Win32 = Debug|Win32
		Release|Win32 = Release|Win32
	EndGlobalSection
	GlobalSection(ProjectConfigurationPlatforms) = postSolution
		{F8326AC9-48CB-411F-89F2-B3FE455BF5C9}.Debug|Win32.ActiveCfg = Debug|Win32
		{F8326AC9-48CB-411F-89F2-B3FE455BF5C9}.Debug|Win32.Build.0 = Debug|Win32
		{F8326AC9-48CB-411F-89F2-B3FE455BF5C9}.Release|Win32.ActiveCfg = Release|Win32
		{F8326AC9-48CB-411F-89F2-B3FE455BF5C9}.Release|Win32.Build.0 = Release|Win32
	EndGlobalSection
	GlobalSection(SolutionProperties) = preSolution
		HideSolutionNode = FALSE
	EndGlobalSection
EndGlobal
