
Microsoft Visual Studio Solution File, Format Version 12.00
# Visual Studio 2012
Project("{8BC9CEB8-8B4A-11D0-8D11-00A0C91BC942}") = "6_1_2_again", "6_1_2_again\6_1_2_again.vcxproj", "{606EC216-B6F6-4D38-91D2-F3683D56DC9F}"
EndProject
Global
	GlobalSection(SolutionConfigurationPlatforms) = preSolution
		Debug|Win32 = Debug|Win32
		Release|Win32 = Release|Win32
	EndGlobalSection
	GlobalSection(ProjectConfigurationPlatforms) = postSolution
		{606EC216-B6F6-4D38-91D2-F3683D56DC9F}.Debug|Win32.ActiveCfg = Debug|Win32
		{606EC216-B6F6-4D38-91D2-F3683D56DC9F}.Debug|Win32.Build.0 = Debug|Win32
		{606EC216-B6F6-4D38-91D2-F3683D56DC9F}.Release|Win32.ActiveCfg = Release|Win32
		{606EC216-B6F6-4D38-91D2-F3683D56DC9F}.Release|Win32.Build.0 = Release|Win32
	EndGlobalSection
	GlobalSection(SolutionProperties) = preSolution
		HideSolutionNode = FALSE
	EndGlobalSection
EndGlobal
