
Microsoft Visual Studio Solution File, Format Version 12.00
# Visual Studio 2012
Project("{8BC9CEB8-8B4A-11D0-8D11-00A0C91BC942}") = "8_4_4", "8_4_4\8_4_4.vcxproj", "{B839B7A6-07D6-48D8-BBEA-CCAEE4EDDF2B}"
EndProject
Global
	GlobalSection(SolutionConfigurationPlatforms) = preSolution
		Debug|Win32 = Debug|Win32
		Release|Win32 = Release|Win32
	EndGlobalSection
	GlobalSection(ProjectConfigurationPlatforms) = postSolution
		{B839B7A6-07D6-48D8-BBEA-CCAEE4EDDF2B}.Debug|Win32.ActiveCfg = Debug|Win32
		{B839B7A6-07D6-48D8-BBEA-CCAEE4EDDF2B}.Debug|Win32.Build.0 = Debug|Win32
		{B839B7A6-07D6-48D8-BBEA-CCAEE4EDDF2B}.Release|Win32.ActiveCfg = Release|Win32
		{B839B7A6-07D6-48D8-BBEA-CCAEE4EDDF2B}.Release|Win32.Build.0 = Release|Win32
	EndGlobalSection
	GlobalSection(SolutionProperties) = preSolution
		HideSolutionNode = FALSE
	EndGlobalSection
EndGlobal
