
Microsoft Visual Studio Solution File, Format Version 12.00
# Visual Studio 2012
Project("{8BC9CEB8-8B4A-11D0-8D11-00A0C91BC942}") = "3_4_10", "3_4_10\3_4_10.vcxproj", "{18D9C64D-6B6F-4395-ACE3-7420A3AA65DE}"
EndProject
Global
	GlobalSection(SolutionConfigurationPlatforms) = preSolution
		Debug|Win32 = Debug|Win32
		Release|Win32 = Release|Win32
	EndGlobalSection
	GlobalSection(ProjectConfigurationPlatforms) = postSolution
		{18D9C64D-6B6F-4395-ACE3-7420A3AA65DE}.Debug|Win32.ActiveCfg = Debug|Win32
		{18D9C64D-6B6F-4395-ACE3-7420A3AA65DE}.Debug|Win32.Build.0 = Debug|Win32
		{18D9C64D-6B6F-4395-ACE3-7420A3AA65DE}.Release|Win32.ActiveCfg = Release|Win32
		{18D9C64D-6B6F-4395-ACE3-7420A3AA65DE}.Release|Win32.Build.0 = Release|Win32
	EndGlobalSection
	GlobalSection(SolutionProperties) = preSolution
		HideSolutionNode = FALSE
	EndGlobalSection
EndGlobal
