
Microsoft Visual Studio Solution File, Format Version 12.00
# Visual Studio 15
VisualStudioVersion = 15.0.27130.2027
MinimumVisualStudioVersion = 10.0.40219.1
Project("{8BC9CEB8-8B4A-11D0-8D11-00A0C91BC942}") = "E", "E\E.vcxproj", "{9647D95E-D2B5-486B-860E-526C1ADCD0B5}"
EndProject
Global
	GlobalSection(SolutionConfigurationPlatforms) = preSolution
		Debug|x64 = Debug|x64
		Debug|x86 = Debug|x86
		Release|x64 = Release|x64
		Release|x86 = Release|x86
	EndGlobalSection
	GlobalSection(ProjectConfigurationPlatforms) = postSolution
		{9647D95E-D2B5-486B-860E-526C1ADCD0B5}.Debug|x64.ActiveCfg = Debug|x64
		{9647D95E-D2B5-486B-860E-526C1ADCD0B5}.Debug|x64.Build.0 = Debug|x64
		{9647D95E-D2B5-486B-860E-526C1ADCD0B5}.Debug|x86.ActiveCfg = Debug|Win32
		{9647D95E-D2B5-486B-860E-526C1ADCD0B5}.Debug|x86.Build.0 = Debug|Win32
		{9647D95E-D2B5-486B-860E-526C1ADCD0B5}.Release|x64.ActiveCfg = Release|x64
		{9647D95E-D2B5-486B-860E-526C1ADCD0B5}.Release|x64.Build.0 = Release|x64
		{9647D95E-D2B5-486B-860E-526C1ADCD0B5}.Release|x86.ActiveCfg = Release|Win32
		{9647D95E-D2B5-486B-860E-526C1ADCD0B5}.Release|x86.Build.0 = Release|Win32
	EndGlobalSection
	GlobalSection(SolutionProperties) = preSolution
		HideSolutionNode = FALSE
	EndGlobalSection
	GlobalSection(ExtensibilityGlobals) = postSolution
		SolutionGuid = {69754FF2-E8A7-48EC-A864-2779D22A7632}
	EndGlobalSection
EndGlobal
