
Microsoft Visual Studio Solution File, Format Version 12.00
# Visual Studio 2012
Project("{8BC9CEB8-8B4A-11D0-8D11-00A0C91BC942}") = "round11_1002", "round11_1002\round11_1002.vcxproj", "{DAD72FAD-6BF5-471C-BDCE-78A299268601}"
EndProject
Global
	GlobalSection(SolutionConfigurationPlatforms) = preSolution
		Debug|Win32 = Debug|Win32
		Release|Win32 = Release|Win32
	EndGlobalSection
	GlobalSection(ProjectConfigurationPlatforms) = postSolution
		{DAD72FAD-6BF5-471C-BDCE-78A299268601}.Debug|Win32.ActiveCfg = Debug|Win32
		{DAD72FAD-6BF5-471C-BDCE-78A299268601}.Debug|Win32.Build.0 = Debug|Win32
		{DAD72FAD-6BF5-471C-BDCE-78A299268601}.Release|Win32.ActiveCfg = Release|Win32
		{DAD72FAD-6BF5-471C-BDCE-78A299268601}.Release|Win32.Build.0 = Release|Win32
	EndGlobalSection
	GlobalSection(SolutionProperties) = preSolution
		HideSolutionNode = FALSE
	EndGlobalSection
EndGlobal
