
Microsoft Visual Studio Solution File, Format Version 12.00
# Visual Studio 2013
VisualStudioVersion = 12.0.21005.1
MinimumVisualStudioVersion = 10.0.40219.1
Project("{8BC9CEB8-8B4A-11D0-8D11-00A0C91BC942}") = "uva 401", "uva 401\uva 401.vcxproj", "{4054D090-16BA-4A67-9337-076E9F4FC590}"
EndProject
Global
	GlobalSection(SolutionConfigurationPlatforms) = preSolution
		Debug|Win32 = Debug|Win32
		Release|Win32 = Release|Win32
	EndGlobalSection
	GlobalSection(ProjectConfigurationPlatforms) = postSolution
		{4054D090-16BA-4A67-9337-076E9F4FC590}.Debug|Win32.ActiveCfg = Debug|Win32
		{4054D090-16BA-4A67-9337-076E9F4FC590}.Debug|Win32.Build.0 = Debug|Win32
		{4054D090-16BA-4A67-9337-076E9F4FC590}.Release|Win32.ActiveCfg = Release|Win32
		{4054D090-16BA-4A67-9337-076E9F4FC590}.Release|Win32.Build.0 = Release|Win32
	EndGlobalSection
	GlobalSection(SolutionProperties) = preSolution
		HideSolutionNode = FALSE
	EndGlobalSection
EndGlobal
