
Microsoft Visual Studio Solution File, Format Version 12.00
# Visual Studio 2012
Project("{8BC9CEB8-8B4A-11D0-8D11-00A0C91BC942}") = "10_4_5", "10_4_5\10_4_5.vcxproj", "{38F43FBB-0437-4069-98B6-EF5F9FFB66A9}"
EndProject
Global
	GlobalSection(SolutionConfigurationPlatforms) = preSolution
		Debug|Win32 = Debug|Win32
		Release|Win32 = Release|Win32
	EndGlobalSection
	GlobalSection(ProjectConfigurationPlatforms) = postSolution
		{38F43FBB-0437-4069-98B6-EF5F9FFB66A9}.Debug|Win32.ActiveCfg = Debug|Win32
		{38F43FBB-0437-4069-98B6-EF5F9FFB66A9}.Debug|Win32.Build.0 = Debug|Win32
		{38F43FBB-0437-4069-98B6-EF5F9FFB66A9}.Release|Win32.ActiveCfg = Release|Win32
		{38F43FBB-0437-4069-98B6-EF5F9FFB66A9}.Release|Win32.Build.0 = Release|Win32
	EndGlobalSection
	GlobalSection(SolutionProperties) = preSolution
		HideSolutionNode = FALSE
	EndGlobalSection
EndGlobal
