
Microsoft Visual Studio Solution File, Format Version 12.00
# Visual Studio 15
VisualStudioVersion = 15.0.26228.4
MinimumVisualStudioVersion = 10.0.40219.1
Project("{8BC9CEB8-8B4A-11D0-8D11-00A0C91BC942}") = "Project1", "Project1\Project1.vcxproj", "{011A8E1D-66FE-4ED6-859B-9DBB51D4205F}"
EndProject
Global
	GlobalSection(SolutionConfigurationPlatforms) = preSolution
		Debug|x64 = Debug|x64
		Debug|x86 = Debug|x86
		Release|x64 = Release|x64
		Release|x86 = Release|x86
	EndGlobalSection
	GlobalSection(ProjectConfigurationPlatforms) = postSolution
		{011A8E1D-66FE-4ED6-859B-9DBB51D4205F}.Debug|x64.ActiveCfg = Debug|x64
		{011A8E1D-66FE-4ED6-859B-9DBB51D4205F}.Debug|x64.Build.0 = Debug|x64
		{011A8E1D-66FE-4ED6-859B-9DBB51D4205F}.Debug|x86.ActiveCfg = Debug|Win32
		{011A8E1D-66FE-4ED6-859B-9DBB51D4205F}.Debug|x86.Build.0 = Debug|Win32
		{011A8E1D-66FE-4ED6-859B-9DBB51D4205F}.Release|x64.ActiveCfg = Release|x64
		{011A8E1D-66FE-4ED6-859B-9DBB51D4205F}.Release|x64.Build.0 = Release|x64
		{011A8E1D-66FE-4ED6-859B-9DBB51D4205F}.Release|x86.ActiveCfg = Release|Win32
		{011A8E1D-66FE-4ED6-859B-9DBB51D4205F}.Release|x86.Build.0 = Release|Win32
	EndGlobalSection
	GlobalSection(SolutionProperties) = preSolution
		HideSolutionNode = FALSE
	EndGlobalSection
EndGlobal
