
Microsoft Visual Studio Solution File, Format Version 12.00
# Visual Studio 2013
VisualStudioVersion = 12.0.21005.1
MinimumVisualStudioVersion = 10.0.40219.1
Project("{8BC9CEB8-8B4A-11D0-8D11-00A0C91BC942}") = "NYOJ 106 01背包", "NYOJ 106 01背包\NYOJ 106 01背包.vcxproj", "{20CB863A-CB66-4885-89EA-F5AB2197D01F}"
EndProject
Global
	GlobalSection(SolutionConfigurationPlatforms) = preSolution
		Debug|Win32 = Debug|Win32
		Release|Win32 = Release|Win32
	EndGlobalSection
	GlobalSection(ProjectConfigurationPlatforms) = postSolution
		{20CB863A-CB66-4885-89EA-F5AB2197D01F}.Debug|Win32.ActiveCfg = Debug|Win32
		{20CB863A-CB66-4885-89EA-F5AB2197D01F}.Debug|Win32.Build.0 = Debug|Win32
		{20CB863A-CB66-4885-89EA-F5AB2197D01F}.Release|Win32.ActiveCfg = Release|Win32
		{20CB863A-CB66-4885-89EA-F5AB2197D01F}.Release|Win32.Build.0 = Release|Win32
	EndGlobalSection
	GlobalSection(SolutionProperties) = preSolution
		HideSolutionNode = FALSE
	EndGlobalSection
EndGlobal
