
Microsoft Visual Studio Solution File, Format Version 12.00
# Visual Studio 2012
Project("{8BC9CEB8-8B4A-11D0-8D11-00A0C91BC942}") = "3_1_1_4", "3_1_1_4\3_1_1_4.vcxproj", "{DF93CC78-80D3-46B6-B2F3-99535093592B}"
EndProject
Global
	GlobalSection(SolutionConfigurationPlatforms) = preSolution
		Debug|Win32 = Debug|Win32
		Release|Win32 = Release|Win32
	EndGlobalSection
	GlobalSection(ProjectConfigurationPlatforms) = postSolution
		{DF93CC78-80D3-46B6-B2F3-99535093592B}.Debug|Win32.ActiveCfg = Debug|Win32
		{DF93CC78-80D3-46B6-B2F3-99535093592B}.Debug|Win32.Build.0 = Debug|Win32
		{DF93CC78-80D3-46B6-B2F3-99535093592B}.Release|Win32.ActiveCfg = Release|Win32
		{DF93CC78-80D3-46B6-B2F3-99535093592B}.Release|Win32.Build.0 = Release|Win32
	EndGlobalSection
	GlobalSection(SolutionProperties) = preSolution
		HideSolutionNode = FALSE
	EndGlobalSection
EndGlobal
