
Microsoft Visual Studio Solution File, Format Version 12.00
# Visual Studio 2012
Project("{8BC9CEB8-8B4A-11D0-8D11-00A0C91BC942}") = "5_1_1", "5_1_1\5_1_1.vcxproj", "{F7B662B0-7866-4905-BB6D-98C935FBE124}"
EndProject
Global
	GlobalSection(SolutionConfigurationPlatforms) = preSolution
		Debug|Win32 = Debug|Win32
		Release|Win32 = Release|Win32
	EndGlobalSection
	GlobalSection(ProjectConfigurationPlatforms) = postSolution
		{F7B662B0-7866-4905-BB6D-98C935FBE124}.Debug|Win32.ActiveCfg = Debug|Win32
		{F7B662B0-7866-4905-BB6D-98C935FBE124}.Debug|Win32.Build.0 = Debug|Win32
		{F7B662B0-7866-4905-BB6D-98C935FBE124}.Release|Win32.ActiveCfg = Release|Win32
		{F7B662B0-7866-4905-BB6D-98C935FBE124}.Release|Win32.Build.0 = Release|Win32
	EndGlobalSection
	GlobalSection(SolutionProperties) = preSolution
		HideSolutionNode = FALSE
	EndGlobalSection
EndGlobal
