
Microsoft Visual Studio Solution File, Format Version 12.00
# Visual Studio 2012
Project("{8BC9CEB8-8B4A-11D0-8D11-00A0C91BC942}") = "堆排序", "堆排序\堆排序.vcxproj", "{F42C4F51-CBA0-468F-BA06-C3FFC15C6442}"
EndProject
Global
	GlobalSection(SolutionConfigurationPlatforms) = preSolution
		Debug|Win32 = Debug|Win32
		Release|Win32 = Release|Win32
	EndGlobalSection
	GlobalSection(ProjectConfigurationPlatforms) = postSolution
		{F42C4F51-CBA0-468F-BA06-C3FFC15C6442}.Debug|Win32.ActiveCfg = Debug|Win32
		{F42C4F51-CBA0-468F-BA06-C3FFC15C6442}.Debug|Win32.Build.0 = Debug|Win32
		{F42C4F51-CBA0-468F-BA06-C3FFC15C6442}.Release|Win32.ActiveCfg = Release|Win32
		{F42C4F51-CBA0-468F-BA06-C3FFC15C6442}.Release|Win32.Build.0 = Release|Win32
	EndGlobalSection
	GlobalSection(SolutionProperties) = preSolution
		HideSolutionNode = FALSE
	EndGlobalSection
EndGlobal
