
Microsoft Visual Studio Solution File, Format Version 12.00
# Visual Studio 15
VisualStudioVersion = 15.0.26228.4
MinimumVisualStudioVersion = 10.0.40219.1
Project("{8BC9CEB8-8B4A-11D0-8D11-00A0C91BC942}") = "uva 524", "uva 524\uva 524.vcxproj", "{77EA49F1-64CC-4521-9C13-C85ED4C5CB20}"
EndProject
Global
	GlobalSection(SolutionConfigurationPlatforms) = preSolution
		Debug|x64 = Debug|x64
		Debug|x86 = Debug|x86
		Release|x64 = Release|x64
		Release|x86 = Release|x86
	EndGlobalSection
	GlobalSection(ProjectConfigurationPlatforms) = postSolution
		{77EA49F1-64CC-4521-9C13-C85ED4C5CB20}.Debug|x64.ActiveCfg = Debug|x64
		{77EA49F1-64CC-4521-9C13-C85ED4C5CB20}.Debug|x64.Build.0 = Debug|x64
		{77EA49F1-64CC-4521-9C13-C85ED4C5CB20}.Debug|x86.ActiveCfg = Debug|Win32
		{77EA49F1-64CC-4521-9C13-C85ED4C5CB20}.Debug|x86.Build.0 = Debug|Win32
		{77EA49F1-64CC-4521-9C13-C85ED4C5CB20}.Release|x64.ActiveCfg = Release|x64
		{77EA49F1-64CC-4521-9C13-C85ED4C5CB20}.Release|x64.Build.0 = Release|x64
		{77EA49F1-64CC-4521-9C13-C85ED4C5CB20}.Release|x86.ActiveCfg = Release|Win32
		{77EA49F1-64CC-4521-9C13-C85ED4C5CB20}.Release|x86.Build.0 = Release|Win32
	EndGlobalSection
	GlobalSection(SolutionProperties) = preSolution
		HideSolutionNode = FALSE
	EndGlobalSection
EndGlobal
