
Microsoft Visual Studio Solution File, Format Version 12.00
# Visual Studio 2012
Project("{8BC9CEB8-8B4A-11D0-8D11-00A0C91BC942}") = "16_13", "16_13\16_13.vcxproj", "{47A5204B-3E1B-4174-BDB8-69E01592AFA0}"
EndProject
Global
	GlobalSection(SolutionConfigurationPlatforms) = preSolution
		Debug|Win32 = Debug|Win32
		Release|Win32 = Release|Win32
	EndGlobalSection
	GlobalSection(ProjectConfigurationPlatforms) = postSolution
		{47A5204B-3E1B-4174-BDB8-69E01592AFA0}.Debug|Win32.ActiveCfg = Debug|Win32
		{47A5204B-3E1B-4174-BDB8-69E01592AFA0}.Debug|Win32.Build.0 = Debug|Win32
		{47A5204B-3E1B-4174-BDB8-69E01592AFA0}.Release|Win32.ActiveCfg = Release|Win32
		{47A5204B-3E1B-4174-BDB8-69E01592AFA0}.Release|Win32.Build.0 = Release|Win32
	EndGlobalSection
	GlobalSection(SolutionProperties) = preSolution
		HideSolutionNode = FALSE
	EndGlobalSection
EndGlobal
