
Microsoft Visual Studio Solution File, Format Version 12.00
# Visual Studio 2012
Project("{8BC9CEB8-8B4A-11D0-8D11-00A0C91BC942}") = "6_poj1260珍珠", "6_poj1260珍珠\6_poj1260珍珠.vcxproj", "{DF2EA75F-05F6-45F1-950F-3A5731EF8DCE}"
EndProject
Global
	GlobalSection(SolutionConfigurationPlatforms) = preSolution
		Debug|Win32 = Debug|Win32
		Release|Win32 = Release|Win32
	EndGlobalSection
	GlobalSection(ProjectConfigurationPlatforms) = postSolution
		{DF2EA75F-05F6-45F1-950F-3A5731EF8DCE}.Debug|Win32.ActiveCfg = Debug|Win32
		{DF2EA75F-05F6-45F1-950F-3A5731EF8DCE}.Debug|Win32.Build.0 = Debug|Win32
		{DF2EA75F-05F6-45F1-950F-3A5731EF8DCE}.Release|Win32.ActiveCfg = Release|Win32
		{DF2EA75F-05F6-45F1-950F-3A5731EF8DCE}.Release|Win32.Build.0 = Release|Win32
	EndGlobalSection
	GlobalSection(SolutionProperties) = preSolution
		HideSolutionNode = FALSE
	EndGlobalSection
EndGlobal
