
Microsoft Visual Studio Solution File, Format Version 12.00
# Visual Studio 15
VisualStudioVersion = 15.0.26228.4
MinimumVisualStudioVersion = 10.0.40219.1
Project("{8BC9CEB8-8B4A-11D0-8D11-00A0C91BC942}") = "uva 401", "uva 401\uva 401.vcxproj", "{2C05ECD6-286F-4786-A9B4-F51F9A09E4F8}"
EndProject
Global
	GlobalSection(SolutionConfigurationPlatforms) = preSolution
		Debug|x64 = Debug|x64
		Debug|x86 = Debug|x86
		Release|x64 = Release|x64
		Release|x86 = Release|x86
	EndGlobalSection
	GlobalSection(ProjectConfigurationPlatforms) = postSolution
		{2C05ECD6-286F-4786-A9B4-F51F9A09E4F8}.Debug|x64.ActiveCfg = Debug|x64
		{2C05ECD6-286F-4786-A9B4-F51F9A09E4F8}.Debug|x64.Build.0 = Debug|x64
		{2C05ECD6-286F-4786-A9B4-F51F9A09E4F8}.Debug|x86.ActiveCfg = Debug|Win32
		{2C05ECD6-286F-4786-A9B4-F51F9A09E4F8}.Debug|x86.Build.0 = Debug|Win32
		{2C05ECD6-286F-4786-A9B4-F51F9A09E4F8}.Release|x64.ActiveCfg = Release|x64
		{2C05ECD6-286F-4786-A9B4-F51F9A09E4F8}.Release|x64.Build.0 = Release|x64
		{2C05ECD6-286F-4786-A9B4-F51F9A09E4F8}.Release|x86.ActiveCfg = Release|Win32
		{2C05ECD6-286F-4786-A9B4-F51F9A09E4F8}.Release|x86.Build.0 = Release|Win32
	EndGlobalSection
	GlobalSection(SolutionProperties) = preSolution
		HideSolutionNode = FALSE
	EndGlobalSection
EndGlobal
