
Microsoft Visual Studio Solution File, Format Version 12.00
# Visual Studio 2012
Project("{8BC9CEB8-8B4A-11D0-8D11-00A0C91BC942}") = "16_12_02", "16_12_02\16_12_02.vcxproj", "{33F2151E-61C0-4C57-BAAE-026299E8298A}"
EndProject
Global
	GlobalSection(SolutionConfigurationPlatforms) = preSolution
		Debug|Win32 = Debug|Win32
		Release|Win32 = Release|Win32
	EndGlobalSection
	GlobalSection(ProjectConfigurationPlatforms) = postSolution
		{33F2151E-61C0-4C57-BAAE-026299E8298A}.Debug|Win32.ActiveCfg = Debug|Win32
		{33F2151E-61C0-4C57-BAAE-026299E8298A}.Debug|Win32.Build.0 = Debug|Win32
		{33F2151E-61C0-4C57-BAAE-026299E8298A}.Release|Win32.ActiveCfg = Release|Win32
		{33F2151E-61C0-4C57-BAAE-026299E8298A}.Release|Win32.Build.0 = Release|Win32
	EndGlobalSection
	GlobalSection(SolutionProperties) = preSolution
		HideSolutionNode = FALSE
	EndGlobalSection
EndGlobal
