
Microsoft Visual Studio Solution File, Format Version 12.00
# Visual Studio 2012
Project("{8BC9CEB8-8B4A-11D0-8D11-00A0C91BC942}") = "8_2_1again", "8_2_1again\8_2_1again.vcxproj", "{E5C9AB76-FD54-4FE7-A265-32DB425ECAE1}"
EndProject
Global
	GlobalSection(SolutionConfigurationPlatforms) = preSolution
		Debug|Win32 = Debug|Win32
		Release|Win32 = Release|Win32
	EndGlobalSection
	GlobalSection(ProjectConfigurationPlatforms) = postSolution
		{E5C9AB76-FD54-4FE7-A265-32DB425ECAE1}.Debug|Win32.ActiveCfg = Debug|Win32
		{E5C9AB76-FD54-4FE7-A265-32DB425ECAE1}.Debug|Win32.Build.0 = Debug|Win32
		{E5C9AB76-FD54-4FE7-A265-32DB425ECAE1}.Release|Win32.ActiveCfg = Release|Win32
		{E5C9AB76-FD54-4FE7-A265-32DB425ECAE1}.Release|Win32.Build.0 = Release|Win32
	EndGlobalSection
	GlobalSection(SolutionProperties) = preSolution
		HideSolutionNode = FALSE
	EndGlobalSection
EndGlobal
