
Microsoft Visual Studio Solution File, Format Version 12.00
# Visual Studio 15
VisualStudioVersion = 15.0.27130.2027
MinimumVisualStudioVersion = 10.0.40219.1
Project("{8BC9CEB8-8B4A-11D0-8D11-00A0C91BC942}") = "C", "C\C.vcxproj", "{4A51246B-CA7E-4FA3-96B1-032CD4FDE452}"
EndProject
Global
	GlobalSection(SolutionConfigurationPlatforms) = preSolution
		Debug|x64 = Debug|x64
		Debug|x86 = Debug|x86
		Release|x64 = Release|x64
		Release|x86 = Release|x86
	EndGlobalSection
	GlobalSection(ProjectConfigurationPlatforms) = postSolution
		{4A51246B-CA7E-4FA3-96B1-032CD4FDE452}.Debug|x64.ActiveCfg = Debug|x64
		{4A51246B-CA7E-4FA3-96B1-032CD4FDE452}.Debug|x64.Build.0 = Debug|x64
		{4A51246B-CA7E-4FA3-96B1-032CD4FDE452}.Debug|x86.ActiveCfg = Debug|Win32
		{4A51246B-CA7E-4FA3-96B1-032CD4FDE452}.Debug|x86.Build.0 = Debug|Win32
		{4A51246B-CA7E-4FA3-96B1-032CD4FDE452}.Release|x64.ActiveCfg = Release|x64
		{4A51246B-CA7E-4FA3-96B1-032CD4FDE452}.Release|x64.Build.0 = Release|x64
		{4A51246B-CA7E-4FA3-96B1-032CD4FDE452}.Release|x86.ActiveCfg = Release|Win32
		{4A51246B-CA7E-4FA3-96B1-032CD4FDE452}.Release|x86.Build.0 = Release|Win32
	EndGlobalSection
	GlobalSection(SolutionProperties) = preSolution
		HideSolutionNode = FALSE
	EndGlobalSection
	GlobalSection(ExtensibilityGlobals) = postSolution
		SolutionGuid = {DC1EEE8F-899F-4197-BEE9-16DF1EBC5645}
	EndGlobalSection
EndGlobal
